
Microsoft Visual Studio Solution File, Format Version 12.00
# Visual Studio Version 17
VisualStudioVersion = 17.5.002.0
MinimumVisualStudioVersion = 10.0.40219.1
Project("{9A19103F-16F7-4668-BE54-9A1E7A4F7556}") = "ChatService", "ChatService\ChatService.csproj", "{3C133CE9-B900-4E53-BFAC-2099768C9B1C}"
EndProject
Global
	GlobalSection(SolutionConfigurationPlatforms) = preSolution
		Debug|Any CPU = Debug|Any CPU
		Release|Any CPU = Release|Any CPU
	EndGlobalSection
	GlobalSection(ProjectConfigurationPlatforms) = postSolution
		{3C133CE9-B900-4E53-BFAC-2099768C9B1C}.Debug|Any CPU.ActiveCfg = Debug|Any CPU
		{3C133CE9-B900-4E53-BFAC-2099768C9B1C}.Debug|Any CPU.Build.0 = Debug|Any CPU
		{3C133CE9-B900-4E53-BFAC-2099768C9B1C}.Release|Any CPU.ActiveCfg = Release|Any CPU
		{3C133CE9-B900-4E53-BFAC-2099768C9B1C}.Release|Any CPU.Build.0 = Release|Any CPU
	EndGlobalSection
	GlobalSection(SolutionProperties) = preSolution
		HideSolutionNode = FALSE
	EndGlobalSection
	GlobalSection(ExtensibilityGlobals) = postSolution
		SolutionGuid = {4F5D27CB-CEAA-4990-B31B-00B27285F1FB}
	EndGlobalSection
EndGlobal
